
Microsoft Visual Studio Solution File, Format Version 9.00
# Visual Studio 2005
Project("{54435603-DBB4-11D2-8724-00A0C9A8B90C}") = "Assembly Information Setup x64", "AssemblyInformationSetup\AssemblyInformationSetup x64.vdproj", "{E837EE9C-3CCA-40F6-866A-2B4DC3BB4BEF}"
EndProject
Project("{54435603-DBB4-11D2-8724-00A0C9A8B90C}") = "Assembly Information Setup x86", "AssemblyInformationSetup\AssemblyInformationSetup x86.vdproj", "{07B85CEB-4E70-4FDE-8519-038C23DCE8DE}"
EndProject
Project("{54435603-DBB4-11D2-8724-00A0C9A8B90C}") = "Assembly Information Setup Win98-Win2000", "AssemblyInformationSetup\AssemblyInformationSetup Win98-Win2000.vdproj", "{EF94268C-F455-4C6B-9A3A-614415B7F284}"
EndProject
Global
	GlobalSection(SolutionConfigurationPlatforms) = preSolution
		Release|Default = Release|Default
	EndGlobalSection
	GlobalSection(ProjectConfigurationPlatforms) = postSolution
		{E837EE9C-3CCA-40F6-866A-2B4DC3BB4BEF}.Release|Default.ActiveCfg = Release
		{E837EE9C-3CCA-40F6-866A-2B4DC3BB4BEF}.Release|Default.Build.0 = Release
		{07B85CEB-4E70-4FDE-8519-038C23DCE8DE}.Release|Default.ActiveCfg = Release
		{07B85CEB-4E70-4FDE-8519-038C23DCE8DE}.Release|Default.Build.0 = Release
		{EF94268C-F455-4C6B-9A3A-614415B7F284}.Release|Default.ActiveCfg = Release
		{EF94268C-F455-4C6B-9A3A-614415B7F284}.Release|Default.Build.0 = Release
	EndGlobalSection
	GlobalSection(SolutionProperties) = preSolution
		HideSolutionNode = FALSE
	EndGlobalSection
EndGlobal
